
Microsoft Visual Studio Solution File, Format Version 12.00
# Visual Studio Version 17
VisualStudioVersion = 17.1.32407.343
MinimumVisualStudioVersion = 10.0.40219.1
Project("{FAE04EC0-301F-11D3-BF4B-00C04F79EFBC}") = "CalculatorMVC", "CalculatorMVC\CalculatorMVC.csproj", "{21116FF0-B941-4CFD-9CBC-FE685D33B33B}"
EndProject
Global
	GlobalSection(SolutionConfigurationPlatforms) = preSolution
		Debug|Any CPU = Debug|Any CPU
		Release|Any CPU = Release|Any CPU
	EndGlobalSection
	GlobalSection(ProjectConfigurationPlatforms) = postSolution
		{21116FF0-B941-4CFD-9CBC-FE685D33B33B}.Debug|Any CPU.ActiveCfg = Debug|Any CPU
		{21116FF0-B941-4CFD-9CBC-FE685D33B33B}.Debug|Any CPU.Build.0 = Debug|Any CPU
		{21116FF0-B941-4CFD-9CBC-FE685D33B33B}.Release|Any CPU.ActiveCfg = Release|Any CPU
		{21116FF0-B941-4CFD-9CBC-FE685D33B33B}.Release|Any CPU.Build.0 = Release|Any CPU
	EndGlobalSection
	GlobalSection(SolutionProperties) = preSolution
		HideSolutionNode = FALSE
	EndGlobalSection
	GlobalSection(ExtensibilityGlobals) = postSolution
		SolutionGuid = {FD6AFB0F-09A4-4C9E-97C9-F1CDF17F2A0A}
	EndGlobalSection
EndGlobal
